
Microsoft Visual Studio Solution File, Format Version 12.00
# Visual Studio Version 16
VisualStudioVersion = 16.0.30907.101
MinimumVisualStudioVersion = 10.0.40219.1
Project("{FAE04EC0-301F-11D3-BF4B-00C04F79EFBC}") = "MuseumInnBaku", "MuseumInnBaku.csproj", "{F7778511-151B-4C55-903C-39E8636043E3}"
EndProject
Global
	GlobalSection(SolutionConfigurationPlatforms) = preSolution
		Debug|Any CPU = Debug|Any CPU
		Release|Any CPU = Release|Any CPU
	EndGlobalSection
	GlobalSection(ProjectConfigurationPlatforms) = postSolution
		{F7778511-151B-4C55-903C-39E8636043E3}.Debug|Any CPU.ActiveCfg = Debug|Any CPU
		{F7778511-151B-4C55-903C-39E8636043E3}.Debug|Any CPU.Build.0 = Debug|Any CPU
		{F7778511-151B-4C55-903C-39E8636043E3}.Release|Any CPU.ActiveCfg = Release|Any CPU
		{F7778511-151B-4C55-903C-39E8636043E3}.Release|Any CPU.Build.0 = Release|Any CPU
	EndGlobalSection
	GlobalSection(SolutionProperties) = preSolution
		HideSolutionNode = FALSE
	EndGlobalSection
	GlobalSection(ExtensibilityGlobals) = postSolution
		SolutionGuid = {FE89DEB7-5AFF-425D-842F-62E271CB0A54}
	EndGlobalSection
EndGlobal
